
Microsoft Visual Studio Solution File, Format Version 12.00
# Visual Studio Version 16
VisualStudioVersion = 25.0.1700.5
MinimumVisualStudioVersion = 10.0.40219.1
Project("{FAE04EC0-301F-11D3-BF4B-00C04F79EFBC}") = "SocialMediaFeed_Algorithm", "SocialMediaFeed_Algorithm\SocialMediaFeed_Algorithm.csproj", "{FF6FF9CB-B53B-4828-9AD1-A4CBF8EB512E}"
EndProject
Global
	GlobalSection(SolutionConfigurationPlatforms) = preSolution
		Debug|Any CPU = Debug|Any CPU
		Release|Any CPU = Release|Any CPU
	EndGlobalSection
	GlobalSection(ProjectConfigurationPlatforms) = postSolution
		{FF6FF9CB-B53B-4828-9AD1-A4CBF8EB512E}.Debug|Any CPU.ActiveCfg = Debug|Any CPU
		{FF6FF9CB-B53B-4828-9AD1-A4CBF8EB512E}.Debug|Any CPU.Build.0 = Debug|Any CPU
		{FF6FF9CB-B53B-4828-9AD1-A4CBF8EB512E}.Release|Any CPU.ActiveCfg = Release|Any CPU
		{FF6FF9CB-B53B-4828-9AD1-A4CBF8EB512E}.Release|Any CPU.Build.0 = Release|Any CPU
	EndGlobalSection
	GlobalSection(SolutionProperties) = preSolution
		HideSolutionNode = FALSE
	EndGlobalSection
	GlobalSection(ExtensibilityGlobals) = postSolution
		SolutionGuid = {E204A83C-91A4-41D7-99D7-CA41348B9206}
	EndGlobalSection
EndGlobal
